
Microsoft Visual Studio Solution File, Format Version 12.00
# Visual Studio Version 17
VisualStudioVersion = 17.0.31903.59
MinimumVisualStudioVersion = 10.0.40219.1
Project("{FAE04EC0-301F-11D3-BF4B-00C04F79EFBC}") = "fizzbuzz", "fizzbuzz\fizzbuzz.csproj", "{345FB21F-4837-4880-8B50-D72117DFB4B3}"
EndProject
Global
	GlobalSection(SolutionConfigurationPlatforms) = preSolution
		Debug|Any CPU = Debug|Any CPU
		Release|Any CPU = Release|Any CPU
	EndGlobalSection
	GlobalSection(ProjectConfigurationPlatforms) = postSolution
		{345FB21F-4837-4880-8B50-D72117DFB4B3}.Debug|Any CPU.ActiveCfg = Debug|Any CPU
		{345FB21F-4837-4880-8B50-D72117DFB4B3}.Debug|Any CPU.Build.0 = Debug|Any CPU
		{345FB21F-4837-4880-8B50-D72117DFB4B3}.Release|Any CPU.ActiveCfg = Release|Any CPU
		{345FB21F-4837-4880-8B50-D72117DFB4B3}.Release|Any CPU.Build.0 = Release|Any CPU
	EndGlobalSection
	GlobalSection(SolutionProperties) = preSolution
		HideSolutionNode = FALSE
	EndGlobalSection
	GlobalSection(ExtensibilityGlobals) = postSolution
		SolutionGuid = {116A63F9-66A0-49E4-8752-6F46B0476354}
	EndGlobalSection
EndGlobal
